
Microsoft Visual Studio Solution File, Format Version 12.00
# Visual Studio Version 16
VisualStudioVersion = 16.0.30114.105
MinimumVisualStudioVersion = 10.0.40219.1
Project("{FAE04EC0-301F-11D3-BF4B-00C04F79EFBC}") = "Implink", "Implink\Implink.csproj", "{C2291427-BE32-4259-8548-36A88526F272}"
EndProject
Project("{FAE04EC0-301F-11D3-BF4B-00C04F79EFBC}") = "Implink.Test", "TESTING\Implink.Test\Implink.Test.csproj", "{F449BA3F-60FA-4F9F-8FD9-640350BB7CC0}"
EndProject
Project("{2150E333-8FDC-42A3-9474-1A3956D46DE8}") = "TESTING", "TESTING", "{5E0A57B0-6F59-4669-BD0A-4853139DD268}"
EndProject
Global
	GlobalSection(SolutionConfigurationPlatforms) = preSolution
		Debug|Any CPU = Debug|Any CPU
		Release|Any CPU = Release|Any CPU
	EndGlobalSection
	GlobalSection(SolutionProperties) = preSolution
		HideSolutionNode = FALSE
	EndGlobalSection
	GlobalSection(ProjectConfigurationPlatforms) = postSolution
		{C2291427-BE32-4259-8548-36A88526F272}.Debug|Any CPU.ActiveCfg = Debug|Any CPU
		{C2291427-BE32-4259-8548-36A88526F272}.Debug|Any CPU.Build.0 = Debug|Any CPU
		{C2291427-BE32-4259-8548-36A88526F272}.Release|Any CPU.ActiveCfg = Release|Any CPU
		{C2291427-BE32-4259-8548-36A88526F272}.Release|Any CPU.Build.0 = Release|Any CPU
		{F449BA3F-60FA-4F9F-8FD9-640350BB7CC0}.Debug|Any CPU.ActiveCfg = Debug|Any CPU
		{F449BA3F-60FA-4F9F-8FD9-640350BB7CC0}.Debug|Any CPU.Build.0 = Debug|Any CPU
		{F449BA3F-60FA-4F9F-8FD9-640350BB7CC0}.Release|Any CPU.ActiveCfg = Release|Any CPU
		{F449BA3F-60FA-4F9F-8FD9-640350BB7CC0}.Release|Any CPU.Build.0 = Release|Any CPU
	EndGlobalSection
	GlobalSection(NestedProjects) = preSolution
	EndGlobalSection
EndGlobal
